
Microsoft Visual Studio Solution File, Format Version 12.00
# Visual Studio Version 16
VisualStudioVersion = 16.0.28803.202
MinimumVisualStudioVersion = 10.0.40219.1
Project("{888888A0-9F3D-457C-B088-3A5042F75D52}") = "ResourceManagerDemon", "ResourceManagerDemon\ResourceManagerDemon.pyproj", "{47131286-1F32-447F-ACEA-E4BD7F59138E}"
EndProject
Global
	GlobalSection(SolutionConfigurationPlatforms) = preSolution
		Debug|Any CPU = Debug|Any CPU
		Release|Any CPU = Release|Any CPU
	EndGlobalSection
	GlobalSection(ProjectConfigurationPlatforms) = postSolution
		{47131286-1F32-447F-ACEA-E4BD7F59138E}.Debug|Any CPU.ActiveCfg = Debug|Any CPU
		{47131286-1F32-447F-ACEA-E4BD7F59138E}.Release|Any CPU.ActiveCfg = Release|Any CPU
	EndGlobalSection
	GlobalSection(SolutionProperties) = preSolution
		HideSolutionNode = FALSE
	EndGlobalSection
	GlobalSection(ExtensibilityGlobals) = postSolution
		SolutionGuid = {467AEB80-7105-4042-821E-5E859578E260}
	EndGlobalSection
EndGlobal
